{
  "version": 4,
  "terraform_version": "0.12.20",
  "serial": 140,
  "lineage": "678a0bf3-c869-f18f-b5f4-2fa6cfec7d3b",
  "outputs": {
    "ca-cert": {
      "value": "-----BEGIN CERTIFICATE-----\nMIIC5zCCAc+gAwIBAgIBATANBgkqhkiG9w0BAQsFADAVMRMwEQYDVQQDEwptaW5p\na3ViZUNBMB4XDTE5MDIwNTE5MjE1MFoXDTI5MDIwMzE5MjE1MFowFTETMBEGA1UE\nAxMKbWluaWt1YmVDQTCCASIwDQYJKoZIhvcNAQEBBQADggEPADCCAQoCggEBAOwZ\nNdDr73VH98S1sslB8+wKx7Lilfd0W310h+tEooCbUGTRZa+ZxXmxv5Chmp1iHeRB\ntPIfBOuT8AQGUGpOvSYaDU7oJCIrCJFd2ZKUX+jSGW5/JCBTAiX0wEa1+nmducDg\n7HaJ4Y3I0Mxt/CuKPunhr1zOYjPvA6HGw6Mm5jI9cPBj0rnCLfqq5dT9KE/0+7cU\ngBmAyO09mJjp03J81KZv9/wn6nhqTtSftCOCOi4+XCcQP7JBZ9maLc35jKLAcPPR\nolZ+9E9YHyt2tUgVkwLnnSKdusjsFkHtueTjIGEWAVePFP7ZdwIUhrKFrG7bwZex\ns49aHXJBZjRTTEgYK7UCAwEAAaNCMEAwDgYDVR0PAQH/BAQDAgKkMB0GA1UdJQQW\nMBQGCCsGAQUFBwMCBggrBgEFBQcDATAPBgNVHRMBAf8EBTADAQH/MA0GCSqGSIb3\nDQEBCwUAA4IBAQByHfK35uessuttqF4q3nkxmsHa/CtAxMoD1jbZ3A9YHIlwBr+t\nMR7/qt8OEFaGTXZ5t8IygoTnr/TFssuZhEg1aZdCgTwcXDWzPtDXtTbmqSDgkulO\nM6OA18eXdLnU/iIwgqi1mZcpydAvhScupuPmWUTrv4aN5qvAo8DxBCwwm9BZ7qDq\nr2/KeGewj6nZVrK56c0Cytua5DZQ6PaTHbb0MnDuWLlg+7v4ZOBfrIbWdW/bYrsy\nOBNpPB/pHBkYwxFhQVkaHa5wZlcIdISrHUYqHeoqPZTIX2zNNLSlNEFb4oWOGxO8\n0TCFZ+PZlZNvNbXTDHz2XlKZk9mvebupHY7B\n-----END CERTIFICATE-----\n",
      "type": "string"
    },
    "jwt": {
      "value": "eyJhbGciOiJSUzI1NiIsImtpZCI6ImZma1JQNGZSSFY0VHc5aUgxdHJQUEZMdXl0cDF6Ri02OUtXT0lhdWVzWFkifQ.eyJpc3MiOiJrdWJlcm5ldGVzL3NlcnZpY2VhY2NvdW50Iiwia3ViZXJuZXRlcy5pby9zZXJ2aWNlYWNjb3VudC9uYW1lc3BhY2UiOiJ2YXVsdCIsImt1YmVybmV0ZXMuaW8vc2VydmljZWFjY291bnQvc2VjcmV0Lm5hbWUiOiJ2YXVsdC1hdXRoLXRva2VuLWM1NjVnIiwia3ViZXJuZXRlcy5pby9zZXJ2aWNlYWNjb3VudC9zZXJ2aWNlLWFjY291bnQubmFtZSI6InZhdWx0LWF1dGgiLCJrdWJlcm5ldGVzLmlvL3NlcnZpY2VhY2NvdW50L3NlcnZpY2UtYWNjb3VudC51aWQiOiI3YjNmZjA4MS1jYWI0LTQ0MDctYmJkMS1hMTlhZGQwYjY2M2EiLCJzdWIiOiJzeXN0ZW06c2VydmljZWFjY291bnQ6dmF1bHQ6dmF1bHQtYXV0aCJ9.PtY8S2kGITfvkSDVo-CfoAWt6nuAng8_Ghzo7nfTGodWh0e8B_dKN7JQbDJi-yDpkRPXsJovZzcmU9BzbSWeqtcr0Rb0yr8b-Dexum0ahy5RPAULQc5wAfx5ttF8KFHNkIw_ZcvGS3Zsj78Fe-GtShM5N7nCc-35kSgepZeARXbCHuFdKiBblf6muGNJOp2ZBPRqLt1h9G68TpS7xfcOWOYj6fOMJclr4OBMCDN-2IJ9KskrngRkCeDQFnzasVA2LO11eNakOWpjiwbQh5mPNrfOfQVbbLSwkddxyE0wDcuBCy9jGS1JObC_Q6GOYIb14BK0tkptjjgFsTf3Lo1qJA",
      "type": "string"
    },
    "kubernetes_host": {
      "value": [
        {
          "name": "https",
          "node_port": 0,
          "port": 443,
          "protocol": "TCP",
          "target_port": "8443"
        }
      ],
      "type": [
        "list",
        [
          "object",
          {
            "name": "string",
            "node_port": "number",
            "port": "number",
            "protocol": "string",
            "target_port": "string"
          }
        ]
      ]
    }
  },
  "resources": [
    {
      "mode": "data",
      "type": "kubernetes_secret",
      "name": "vault_auth",
      "provider": "provider.kubernetes",
      "instances": [
        {
          "schema_version": 0,
          "attributes": {
            "data": {
              "ca.crt": "-----BEGIN CERTIFICATE-----\nMIIC5zCCAc+gAwIBAgIBATANBgkqhkiG9w0BAQsFADAVMRMwEQYDVQQDEwptaW5p\na3ViZUNBMB4XDTE5MDIwNTE5MjE1MFoXDTI5MDIwMzE5MjE1MFowFTETMBEGA1UE\nAxMKbWluaWt1YmVDQTCCASIwDQYJKoZIhvcNAQEBBQADggEPADCCAQoCggEBAOwZ\nNdDr73VH98S1sslB8+wKx7Lilfd0W310h+tEooCbUGTRZa+ZxXmxv5Chmp1iHeRB\ntPIfBOuT8AQGUGpOvSYaDU7oJCIrCJFd2ZKUX+jSGW5/JCBTAiX0wEa1+nmducDg\n7HaJ4Y3I0Mxt/CuKPunhr1zOYjPvA6HGw6Mm5jI9cPBj0rnCLfqq5dT9KE/0+7cU\ngBmAyO09mJjp03J81KZv9/wn6nhqTtSftCOCOi4+XCcQP7JBZ9maLc35jKLAcPPR\nolZ+9E9YHyt2tUgVkwLnnSKdusjsFkHtueTjIGEWAVePFP7ZdwIUhrKFrG7bwZex\ns49aHXJBZjRTTEgYK7UCAwEAAaNCMEAwDgYDVR0PAQH/BAQDAgKkMB0GA1UdJQQW\nMBQGCCsGAQUFBwMCBggrBgEFBQcDATAPBgNVHRMBAf8EBTADAQH/MA0GCSqGSIb3\nDQEBCwUAA4IBAQByHfK35uessuttqF4q3nkxmsHa/CtAxMoD1jbZ3A9YHIlwBr+t\nMR7/qt8OEFaGTXZ5t8IygoTnr/TFssuZhEg1aZdCgTwcXDWzPtDXtTbmqSDgkulO\nM6OA18eXdLnU/iIwgqi1mZcpydAvhScupuPmWUTrv4aN5qvAo8DxBCwwm9BZ7qDq\nr2/KeGewj6nZVrK56c0Cytua5DZQ6PaTHbb0MnDuWLlg+7v4ZOBfrIbWdW/bYrsy\nOBNpPB/pHBkYwxFhQVkaHa5wZlcIdISrHUYqHeoqPZTIX2zNNLSlNEFb4oWOGxO8\n0TCFZ+PZlZNvNbXTDHz2XlKZk9mvebupHY7B\n-----END CERTIFICATE-----\n",
              "namespace": "vault",
              "token": "eyJhbGciOiJSUzI1NiIsImtpZCI6ImZma1JQNGZSSFY0VHc5aUgxdHJQUEZMdXl0cDF6Ri02OUtXT0lhdWVzWFkifQ.eyJpc3MiOiJrdWJlcm5ldGVzL3NlcnZpY2VhY2NvdW50Iiwia3ViZXJuZXRlcy5pby9zZXJ2aWNlYWNjb3VudC9uYW1lc3BhY2UiOiJ2YXVsdCIsImt1YmVybmV0ZXMuaW8vc2VydmljZWFjY291bnQvc2VjcmV0Lm5hbWUiOiJ2YXVsdC1hdXRoLXRva2VuLWM1NjVnIiwia3ViZXJuZXRlcy5pby9zZXJ2aWNlYWNjb3VudC9zZXJ2aWNlLWFjY291bnQubmFtZSI6InZhdWx0LWF1dGgiLCJrdWJlcm5ldGVzLmlvL3NlcnZpY2VhY2NvdW50L3NlcnZpY2UtYWNjb3VudC51aWQiOiI3YjNmZjA4MS1jYWI0LTQ0MDctYmJkMS1hMTlhZGQwYjY2M2EiLCJzdWIiOiJzeXN0ZW06c2VydmljZWFjY291bnQ6dmF1bHQ6dmF1bHQtYXV0aCJ9.PtY8S2kGITfvkSDVo-CfoAWt6nuAng8_Ghzo7nfTGodWh0e8B_dKN7JQbDJi-yDpkRPXsJovZzcmU9BzbSWeqtcr0Rb0yr8b-Dexum0ahy5RPAULQc5wAfx5ttF8KFHNkIw_ZcvGS3Zsj78Fe-GtShM5N7nCc-35kSgepZeARXbCHuFdKiBblf6muGNJOp2ZBPRqLt1h9G68TpS7xfcOWOYj6fOMJclr4OBMCDN-2IJ9KskrngRkCeDQFnzasVA2LO11eNakOWpjiwbQh5mPNrfOfQVbbLSwkddxyE0wDcuBCy9jGS1JObC_Q6GOYIb14BK0tkptjjgFsTf3Lo1qJA"
            },
            "id": "vault/vault-auth-token-c565g",
            "metadata": [
              {
                "annotations": {},
                "generation": 0,
                "labels": {},
                "name": "vault-auth-token-c565g",
                "namespace": "vault",
                "resource_version": "6679",
                "self_link": "/api/v1/namespaces/vault/secrets/vault-auth-token-c565g",
                "uid": "99cfd437-7789-4536-a538-79aa8eea1089"
              }
            ],
            "type": "kubernetes.io/service-account-token"
          }
        }
      ]
    },
    {
      "mode": "data",
      "type": "kubernetes_service",
      "name": "kubernetes",
      "provider": "provider.kubernetes",
      "instances": [
        {
          "schema_version": 0,
          "attributes": {
            "id": "default/kubernetes",
            "load_balancer_ingress": [],
            "metadata": [
              {
                "annotations": {},
                "generation": 0,
                "labels": {
                  "component": "apiserver",
                  "provider": "kubernetes"
                },
                "name": "kubernetes",
                "namespace": "default",
                "resource_version": "149",
                "self_link": "/api/v1/namespaces/default/services/kubernetes",
                "uid": "b806e5a0-49a3-4c87-940b-b52b775edcc2"
              }
            ],
            "spec": [
              {
                "cluster_ip": "10.96.0.1",
                "external_ips": [],
                "external_name": "",
                "external_traffic_policy": "",
                "load_balancer_ip": "",
                "load_balancer_source_ranges": [],
                "port": [
                  {
                    "name": "https",
                    "node_port": 0,
                    "port": 443,
                    "protocol": "TCP",
                    "target_port": "8443"
                  }
                ],
                "publish_not_ready_addresses": false,
                "selector": {},
                "session_affinity": "None",
                "type": "ClusterIP"
              }
            ]
          }
        }
      ]
    },
    {
      "mode": "data",
      "type": "kubernetes_service",
      "name": "vault",
      "provider": "provider.kubernetes",
      "instances": [
        {
          "schema_version": 0,
          "attributes": {
            "id": "vault/vault",
            "load_balancer_ingress": [],
            "metadata": [
              {
                "annotations": {},
                "generation": 0,
                "labels": {
                  "app": "vault"
                },
                "name": "vault",
                "namespace": "vault",
                "resource_version": "6661",
                "self_link": "/api/v1/namespaces/vault/services/vault",
                "uid": "6154b4b9-b3de-4498-8e53-78dd8f99f312"
              }
            ],
            "spec": [
              {
                "cluster_ip": "10.100.173.208",
                "external_ips": [],
                "external_name": "",
                "external_traffic_policy": "Cluster",
                "load_balancer_ip": "",
                "load_balancer_source_ranges": [],
                "port": [
                  {
                    "name": "",
                    "node_port": 30029,
                    "port": 8200,
                    "protocol": "TCP",
                    "target_port": "8200"
                  }
                ],
                "publish_not_ready_addresses": false,
                "selector": {
                  "app": "vault"
                },
                "session_affinity": "None",
                "type": "NodePort"
              }
            ]
          }
        }
      ]
    },
    {
      "mode": "managed",
      "type": "helm_release",
      "name": "vault_injector_helm",
      "provider": "provider.helm",
      "instances": [
        {
          "schema_version": 0,
          "attributes": {
            "atomic": false,
            "chart": "/tmp/vault-helm-0.4.0",
            "cleanup_on_fail": false,
            "dependency_update": false,
            "devel": null,
            "disable_crd_hooks": false,
            "disable_webhooks": false,
            "force_update": false,
            "id": "vault-sidecar",
            "keyring": null,
            "max_history": 0,
            "metadata": [
              {
                "chart": "vault",
                "name": "vault-sidecar",
                "namespace": "vault",
                "revision": 1,
                "values": "{\"injector\":{\"externalVaultAddr\":\"http://10.100.173.208:8200\"},\"server\":{\"dataStorage\":{\"enabled\":false},\"service\":{\"enabled\":false},\"standalone\":{\"enabled\":false}}}",
                "version": "0.4.0"
              }
            ],
            "name": "vault-sidecar",
            "namespace": "vault",
            "recreate_pods": false,
            "render_subchart_notes": true,
            "replace": false,
            "repository": null,
            "repository_ca_file": null,
            "repository_cert_file": null,
            "repository_key_file": null,
            "repository_password": null,
            "repository_username": null,
            "reset_values": false,
            "reuse_values": false,
            "set": [],
            "set_sensitive": [],
            "set_string": [],
            "skip_crds": false,
            "status": "deployed",
            "timeout": 300,
            "values": [
              "{\"injector\":{\"externalVaultAddr\":\"http://10.100.173.208:8200\"},\"server\":{\"dataStorage\":{\"enabled\":false},\"service\":{\"enabled\":false},\"standalone\":{\"enabled\":false}}}"
            ],
            "verify": false,
            "version": "0.4.0",
            "wait": true
          },
          "private": "bnVsbA=="
        }
      ]
    },
    {
      "mode": "managed",
      "type": "kubernetes_cluster_role_binding",
      "name": "vault_auth",
      "provider": "provider.kubernetes",
      "instances": [
        {
          "schema_version": 0,
          "attributes": {
            "id": "role-tokenreview-binding",
            "metadata": [
              {
                "annotations": {},
                "generation": 0,
                "labels": {},
                "name": "role-tokenreview-binding",
                "resource_version": "6729",
                "self_link": "/apis/rbac.authorization.k8s.io/v1/clusterrolebindings/role-tokenreview-binding",
                "uid": "72e07bbe-193f-482b-8e09-19b70ab66efb"
              }
            ],
            "role_ref": [
              {
                "api_group": "rbac.authorization.k8s.io",
                "kind": "ClusterRole",
                "name": "system:auth-delegator"
              }
            ],
            "subject": [
              {
                "api_group": "",
                "kind": "ServiceAccount",
                "name": "vault-auth",
                "namespace": "vault"
              }
            ]
          },
          "private": "bnVsbA=="
        }
      ]
    },
    {
      "mode": "managed",
      "type": "kubernetes_service_account",
      "name": "vault_auth",
      "provider": "provider.kubernetes",
      "instances": [
        {
          "schema_version": 0,
          "attributes": {
            "automount_service_account_token": true,
            "default_secret_name": "vault-auth-token-c565g",
            "id": "vault/vault-auth",
            "image_pull_secret": [],
            "metadata": [
              {
                "annotations": {},
                "generate_name": "",
                "generation": 0,
                "labels": {},
                "name": "vault-auth",
                "namespace": "vault",
                "resource_version": "6680",
                "self_link": "/api/v1/namespaces/vault/serviceaccounts/vault-auth",
                "uid": "7b3ff081-cab4-4407-bbd1-a19add0b663a"
              }
            ],
            "secret": [],
            "timeouts": null
          },
          "private": "eyJlMmJmYjczMC1lY2FhLTExZTYtOGY4OC0zNDM2M2JjN2M0YzAiOnsiY3JlYXRlIjozMDAwMDAwMDAwMH19"
        }
      ]
    },
    {
      "mode": "managed",
      "type": "vault_auth_backend",
      "name": "kubernetes",
      "provider": "provider.vault",
      "instances": [
        {
          "schema_version": 1,
          "attributes": {
            "accessor": "auth_kubernetes_cd513a67",
            "default_lease_ttl_seconds": 0,
            "description": "",
            "id": "kubernetes",
            "listing_visibility": "",
            "local": false,
            "max_lease_ttl_seconds": 0,
            "path": "kubernetes",
            "tune": [],
            "type": "kubernetes"
          },
          "private": "eyJzY2hlbWFfdmVyc2lvbiI6IjEifQ=="
        }
      ]
    },
    {
      "mode": "managed",
      "type": "vault_kubernetes_auth_backend_config",
      "name": "kubernetes",
      "provider": "provider.vault",
      "instances": [
        {
          "schema_version": 0,
          "attributes": {
            "backend": "kubernetes",
            "id": "auth/kubernetes/config",
            "issuer": "",
            "kubernetes_ca_cert": "-----BEGIN CERTIFICATE-----\nMIIC5zCCAc+gAwIBAgIBATANBgkqhkiG9w0BAQsFADAVMRMwEQYDVQQDEwptaW5p\na3ViZUNBMB4XDTE5MDIwNTE5MjE1MFoXDTI5MDIwMzE5MjE1MFowFTETMBEGA1UE\nAxMKbWluaWt1YmVDQTCCASIwDQYJKoZIhvcNAQEBBQADggEPADCCAQoCggEBAOwZ\nNdDr73VH98S1sslB8+wKx7Lilfd0W310h+tEooCbUGTRZa+ZxXmxv5Chmp1iHeRB\ntPIfBOuT8AQGUGpOvSYaDU7oJCIrCJFd2ZKUX+jSGW5/JCBTAiX0wEa1+nmducDg\n7HaJ4Y3I0Mxt/CuKPunhr1zOYjPvA6HGw6Mm5jI9cPBj0rnCLfqq5dT9KE/0+7cU\ngBmAyO09mJjp03J81KZv9/wn6nhqTtSftCOCOi4+XCcQP7JBZ9maLc35jKLAcPPR\nolZ+9E9YHyt2tUgVkwLnnSKdusjsFkHtueTjIGEWAVePFP7ZdwIUhrKFrG7bwZex\ns49aHXJBZjRTTEgYK7UCAwEAAaNCMEAwDgYDVR0PAQH/BAQDAgKkMB0GA1UdJQQW\nMBQGCCsGAQUFBwMCBggrBgEFBQcDATAPBgNVHRMBAf8EBTADAQH/MA0GCSqGSIb3\nDQEBCwUAA4IBAQByHfK35uessuttqF4q3nkxmsHa/CtAxMoD1jbZ3A9YHIlwBr+t\nMR7/qt8OEFaGTXZ5t8IygoTnr/TFssuZhEg1aZdCgTwcXDWzPtDXtTbmqSDgkulO\nM6OA18eXdLnU/iIwgqi1mZcpydAvhScupuPmWUTrv4aN5qvAo8DxBCwwm9BZ7qDq\nr2/KeGewj6nZVrK56c0Cytua5DZQ6PaTHbb0MnDuWLlg+7v4ZOBfrIbWdW/bYrsy\nOBNpPB/pHBkYwxFhQVkaHa5wZlcIdISrHUYqHeoqPZTIX2zNNLSlNEFb4oWOGxO8\n0TCFZ+PZlZNvNbXTDHz2XlKZk9mvebupHY7B\n-----END CERTIFICATE-----\n",
            "kubernetes_host": "https://192.168.64.50:8443",
            "pem_keys": [],
            "token_reviewer_jwt": "eyJhbGciOiJSUzI1NiIsImtpZCI6ImZma1JQNGZSSFY0VHc5aUgxdHJQUEZMdXl0cDF6Ri02OUtXT0lhdWVzWFkifQ.eyJpc3MiOiJrdWJlcm5ldGVzL3NlcnZpY2VhY2NvdW50Iiwia3ViZXJuZXRlcy5pby9zZXJ2aWNlYWNjb3VudC9uYW1lc3BhY2UiOiJ2YXVsdCIsImt1YmVybmV0ZXMuaW8vc2VydmljZWFjY291bnQvc2VjcmV0Lm5hbWUiOiJ2YXVsdC1hdXRoLXRva2VuLWM1NjVnIiwia3ViZXJuZXRlcy5pby9zZXJ2aWNlYWNjb3VudC9zZXJ2aWNlLWFjY291bnQubmFtZSI6InZhdWx0LWF1dGgiLCJrdWJlcm5ldGVzLmlvL3NlcnZpY2VhY2NvdW50L3NlcnZpY2UtYWNjb3VudC51aWQiOiI3YjNmZjA4MS1jYWI0LTQ0MDctYmJkMS1hMTlhZGQwYjY2M2EiLCJzdWIiOiJzeXN0ZW06c2VydmljZWFjY291bnQ6dmF1bHQ6dmF1bHQtYXV0aCJ9.PtY8S2kGITfvkSDVo-CfoAWt6nuAng8_Ghzo7nfTGodWh0e8B_dKN7JQbDJi-yDpkRPXsJovZzcmU9BzbSWeqtcr0Rb0yr8b-Dexum0ahy5RPAULQc5wAfx5ttF8KFHNkIw_ZcvGS3Zsj78Fe-GtShM5N7nCc-35kSgepZeARXbCHuFdKiBblf6muGNJOp2ZBPRqLt1h9G68TpS7xfcOWOYj6fOMJclr4OBMCDN-2IJ9KskrngRkCeDQFnzasVA2LO11eNakOWpjiwbQh5mPNrfOfQVbbLSwkddxyE0wDcuBCy9jGS1JObC_Q6GOYIb14BK0tkptjjgFsTf3Lo1qJA"
          },
          "private": "bnVsbA==",
          "dependencies": [
            "kubernetes_service_account.vault_auth",
            "vault_auth_backend.kubernetes"
          ]
        }
      ]
    }
  ]
}
