{
  "version": 4,
  "terraform_version": "0.12.20",
  "serial": 391,
  "lineage": "a4ae06e4-ad40-f0fc-1b4e-2eb301342785",
  "outputs": {},
  "resources": [
    {
      "mode": "data",
      "type": "kubernetes_service",
      "name": "vault",
      "provider": "provider.kubernetes",
      "instances": [
        {
          "schema_version": 0,
          "attributes": {
            "id": "vault/vault",
            "load_balancer_ingress": [],
            "metadata": [
              {
                "annotations": {},
                "generation": 0,
                "labels": {
                  "app": "vault"
                },
                "name": "vault",
                "namespace": "vault",
                "resource_version": "6661",
                "self_link": "/api/v1/namespaces/vault/services/vault",
                "uid": "6154b4b9-b3de-4498-8e53-78dd8f99f312"
              }
            ],
            "spec": [
              {
                "cluster_ip": "10.100.173.208",
                "external_ips": [],
                "external_name": "",
                "external_traffic_policy": "Cluster",
                "load_balancer_ip": "",
                "load_balancer_source_ranges": [],
                "port": [
                  {
                    "name": "",
                    "node_port": 30029,
                    "port": 8200,
                    "protocol": "TCP",
                    "target_port": "8200"
                  }
                ],
                "publish_not_ready_addresses": false,
                "selector": {
                  "app": "vault"
                },
                "session_affinity": "None",
                "type": "NodePort"
              }
            ]
          }
        }
      ]
    },
    {
      "mode": "managed",
      "type": "vault_mount",
      "name": "postgres",
      "provider": "provider.vault",
      "instances": [
        {
          "schema_version": 0,
          "attributes": {
            "accessor": "database_d1e87c0c",
            "default_lease_ttl_seconds": 0,
            "description": "",
            "id": "database",
            "local": false,
            "max_lease_ttl_seconds": 0,
            "options": {},
            "path": "database",
            "seal_wrap": false,
            "type": "database"
          }
        }
      ]
    }
  ]
}
