{
  "version": 4,
  "terraform_version": "0.12.20",
  "serial": 4,
  "lineage": "15379147-7ad9-26fd-16d7-541f1d723c1e",
  "outputs": {
    "deployment": {
      "value": {
        "id": "vault/vault",
        "metadata": [
          {
            "annotations": null,
            "generate_name": "",
            "generation": 1,
            "labels": {
              "app": "vault"
            },
            "name": "vault",
            "namespace": "vault",
            "resource_version": "6658",
            "self_link": "/apis/apps/v1/namespaces/vault/deployments/vault",
            "uid": "720b1f5b-5522-4268-8881-905152e9e397"
          }
        ],
        "spec": [
          {
            "min_ready_seconds": 0,
            "paused": false,
            "progress_deadline_seconds": 600,
            "replicas": 1,
            "revision_history_limit": 10,
            "selector": [
              {
                "match_expressions": [],
                "match_labels": {
                  "app": "vault"
                }
              }
            ],
            "strategy": [
              {
                "rolling_update": [
                  {
                    "max_surge": "25%",
                    "max_unavailable": "25%"
                  }
                ],
                "type": "RollingUpdate"
              }
            ],
            "template": [
              {
                "metadata": [
                  {
                    "annotations": null,
                    "generate_name": "",
                    "generation": 0,
                    "labels": {
                      "app": "vault"
                    },
                    "name": "",
                    "namespace": "",
                    "resource_version": "",
                    "self_link": "",
                    "uid": ""
                  }
                ],
                "spec": [
                  {
                    "active_deadline_seconds": 0,
                    "affinity": [],
                    "automount_service_account_token": false,
                    "container": [
                      {
                        "args": null,
                        "command": null,
                        "env": [
                          {
                            "name": "VAULT_DEV_ROOT_TOKEN_ID",
                            "value": "test",
                            "value_from": []
                          }
                        ],
                        "env_from": [],
                        "image": "vault",
                        "image_pull_policy": "Never",
                        "lifecycle": [],
                        "liveness_probe": [],
                        "name": "vault",
                        "port": [
                          {
                            "container_port": 8200,
                            "host_ip": "",
                            "host_port": 0,
                            "name": "",
                            "protocol": "TCP"
                          }
                        ],
                        "readiness_probe": [],
                        "resources": [
                          {
                            "limits": null,
                            "requests": null
                          }
                        ],
                        "security_context": [],
                        "startup_probe": [],
                        "stdin": false,
                        "stdin_once": false,
                        "termination_message_path": "/dev/termination-log",
                        "tty": false,
                        "volume_mount": [],
                        "working_dir": ""
                      }
                    ],
                    "dns_config": [],
                    "dns_policy": "ClusterFirst",
                    "host_aliases": [],
                    "host_ipc": false,
                    "host_network": false,
                    "host_pid": false,
                    "hostname": "",
                    "image_pull_secrets": [],
                    "init_container": [],
                    "node_name": "",
                    "node_selector": null,
                    "priority_class_name": "",
                    "restart_policy": "Always",
                    "security_context": [],
                    "service_account_name": "",
                    "share_process_namespace": false,
                    "subdomain": "",
                    "termination_grace_period_seconds": 30,
                    "toleration": [],
                    "volume": []
                  }
                ]
              }
            ]
          }
        ],
        "timeouts": null
      },
      "type": [
        "object",
        {
          "id": "string",
          "metadata": [
            "list",
            [
              "object",
              {
                "annotations": [
                  "map",
                  "string"
                ],
                "generate_name": "string",
                "generation": "number",
                "labels": [
                  "map",
                  "string"
                ],
                "name": "string",
                "namespace": "string",
                "resource_version": "string",
                "self_link": "string",
                "uid": "string"
              }
            ]
          ],
          "spec": [
            "list",
            [
              "object",
              {
                "min_ready_seconds": "number",
                "paused": "bool",
                "progress_deadline_seconds": "number",
                "replicas": "number",
                "revision_history_limit": "number",
                "selector": [
                  "list",
                  [
                    "object",
                    {
                      "match_expressions": [
                        "list",
                        [
                          "object",
                          {
                            "key": "string",
                            "operator": "string",
                            "values": [
                              "set",
                              "string"
                            ]
                          }
                        ]
                      ],
                      "match_labels": [
                        "map",
                        "string"
                      ]
                    }
                  ]
                ],
                "strategy": [
                  "list",
                  [
                    "object",
                    {
                      "rolling_update": [
                        "list",
                        [
                          "object",
                          {
                            "max_surge": "string",
                            "max_unavailable": "string"
                          }
                        ]
                      ],
                      "type": "string"
                    }
                  ]
                ],
                "template": [
                  "list",
                  [
                    "object",
                    {
                      "metadata": [
                        "list",
                        [
                          "object",
                          {
                            "annotations": [
                              "map",
                              "string"
                            ],
                            "generate_name": "string",
                            "generation": "number",
                            "labels": [
                              "map",
                              "string"
                            ],
                            "name": "string",
                            "namespace": "string",
                            "resource_version": "string",
                            "self_link": "string",
                            "uid": "string"
                          }
                        ]
                      ],
                      "spec": [
                        "list",
                        [
                          "object",
                          {
                            "active_deadline_seconds": "number",
                            "affinity": [
                              "list",
                              [
                                "object",
                                {
                                  "node_affinity": [
                                    "list",
                                    [
                                      "object",
                                      {
                                        "preferred_during_scheduling_ignored_during_execution": [
                                          "list",
                                          [
                                            "object",
                                            {
                                              "preference": [
                                                "list",
                                                [
                                                  "object",
                                                  {
                                                    "match_expressions": [
                                                      "list",
                                                      [
                                                        "object",
                                                        {
                                                          "key": "string",
                                                          "operator": "string",
                                                          "values": [
                                                            "set",
                                                            "string"
                                                          ]
                                                        }
                                                      ]
                                                    ]
                                                  }
                                                ]
                                              ],
                                              "weight": "number"
                                            }
                                          ]
                                        ],
                                        "required_during_scheduling_ignored_during_execution": [
                                          "list",
                                          [
                                            "object",
                                            {
                                              "node_selector_term": [
                                                "list",
                                                [
                                                  "object",
                                                  {
                                                    "match_expressions": [
                                                      "list",
                                                      [
                                                        "object",
                                                        {
                                                          "key": "string",
                                                          "operator": "string",
                                                          "values": [
                                                            "set",
                                                            "string"
                                                          ]
                                                        }
                                                      ]
                                                    ]
                                                  }
                                                ]
                                              ]
                                            }
                                          ]
                                        ]
                                      }
                                    ]
                                  ],
                                  "pod_affinity": [
                                    "list",
                                    [
                                      "object",
                                      {
                                        "preferred_during_scheduling_ignored_during_execution": [
                                          "list",
                                          [
                                            "object",
                                            {
                                              "pod_affinity_term": [
                                                "list",
                                                [
                                                  "object",
                                                  {
                                                    "label_selector": [
                                                      "list",
                                                      [
                                                        "object",
                                                        {
                                                          "match_expressions": [
                                                            "list",
                                                            [
                                                              "object",
                                                              {
                                                                "key": "string",
                                                                "operator": "string",
                                                                "values": [
                                                                  "set",
                                                                  "string"
                                                                ]
                                                              }
                                                            ]
                                                          ],
                                                          "match_labels": [
                                                            "map",
                                                            "string"
                                                          ]
                                                        }
                                                      ]
                                                    ],
                                                    "namespaces": [
                                                      "set",
                                                      "string"
                                                    ],
                                                    "topology_key": "string"
                                                  }
                                                ]
                                              ],
                                              "weight": "number"
                                            }
                                          ]
                                        ],
                                        "required_during_scheduling_ignored_during_execution": [
                                          "list",
                                          [
                                            "object",
                                            {
                                              "label_selector": [
                                                "list",
                                                [
                                                  "object",
                                                  {
                                                    "match_expressions": [
                                                      "list",
                                                      [
                                                        "object",
                                                        {
                                                          "key": "string",
                                                          "operator": "string",
                                                          "values": [
                                                            "set",
                                                            "string"
                                                          ]
                                                        }
                                                      ]
                                                    ],
                                                    "match_labels": [
                                                      "map",
                                                      "string"
                                                    ]
                                                  }
                                                ]
                                              ],
                                              "namespaces": [
                                                "set",
                                                "string"
                                              ],
                                              "topology_key": "string"
                                            }
                                          ]
                                        ]
                                      }
                                    ]
                                  ],
                                  "pod_anti_affinity": [
                                    "list",
                                    [
                                      "object",
                                      {
                                        "preferred_during_scheduling_ignored_during_execution": [
                                          "list",
                                          [
                                            "object",
                                            {
                                              "pod_affinity_term": [
                                                "list",
                                                [
                                                  "object",
                                                  {
                                                    "label_selector": [
                                                      "list",
                                                      [
                                                        "object",
                                                        {
                                                          "match_expressions": [
                                                            "list",
                                                            [
                                                              "object",
                                                              {
                                                                "key": "string",
                                                                "operator": "string",
                                                                "values": [
                                                                  "set",
                                                                  "string"
                                                                ]
                                                              }
                                                            ]
                                                          ],
                                                          "match_labels": [
                                                            "map",
                                                            "string"
                                                          ]
                                                        }
                                                      ]
                                                    ],
                                                    "namespaces": [
                                                      "set",
                                                      "string"
                                                    ],
                                                    "topology_key": "string"
                                                  }
                                                ]
                                              ],
                                              "weight": "number"
                                            }
                                          ]
                                        ],
                                        "required_during_scheduling_ignored_during_execution": [
                                          "list",
                                          [
                                            "object",
                                            {
                                              "label_selector": [
                                                "list",
                                                [
                                                  "object",
                                                  {
                                                    "match_expressions": [
                                                      "list",
                                                      [
                                                        "object",
                                                        {
                                                          "key": "string",
                                                          "operator": "string",
                                                          "values": [
                                                            "set",
                                                            "string"
                                                          ]
                                                        }
                                                      ]
                                                    ],
                                                    "match_labels": [
                                                      "map",
                                                      "string"
                                                    ]
                                                  }
                                                ]
                                              ],
                                              "namespaces": [
                                                "set",
                                                "string"
                                              ],
                                              "topology_key": "string"
                                            }
                                          ]
                                        ]
                                      }
                                    ]
                                  ]
                                }
                              ]
                            ],
                            "automount_service_account_token": "bool",
                            "container": [
                              "list",
                              [
                                "object",
                                {
                                  "args": [
                                    "list",
                                    "string"
                                  ],
                                  "command": [
                                    "list",
                                    "string"
                                  ],
                                  "env": [
                                    "list",
                                    [
                                      "object",
                                      {
                                        "name": "string",
                                        "value": "string",
                                        "value_from": [
                                          "list",
                                          [
                                            "object",
                                            {
                                              "config_map_key_ref": [
                                                "list",
                                                [
                                                  "object",
                                                  {
                                                    "key": "string",
                                                    "name": "string"
                                                  }
                                                ]
                                              ],
                                              "field_ref": [
                                                "list",
                                                [
                                                  "object",
                                                  {
                                                    "api_version": "string",
                                                    "field_path": "string"
                                                  }
                                                ]
                                              ],
                                              "resource_field_ref": [
                                                "list",
                                                [
                                                  "object",
                                                  {
                                                    "container_name": "string",
                                                    "resource": "string"
                                                  }
                                                ]
                                              ],
                                              "secret_key_ref": [
                                                "list",
                                                [
                                                  "object",
                                                  {
                                                    "key": "string",
                                                    "name": "string"
                                                  }
                                                ]
                                              ]
                                            }
                                          ]
                                        ]
                                      }
                                    ]
                                  ],
                                  "env_from": [
                                    "list",
                                    [
                                      "object",
                                      {
                                        "config_map_ref": [
                                          "list",
                                          [
                                            "object",
                                            {
                                              "name": "string",
                                              "optional": "bool"
                                            }
                                          ]
                                        ],
                                        "prefix": "string",
                                        "secret_ref": [
                                          "list",
                                          [
                                            "object",
                                            {
                                              "name": "string",
                                              "optional": "bool"
                                            }
                                          ]
                                        ]
                                      }
                                    ]
                                  ],
                                  "image": "string",
                                  "image_pull_policy": "string",
                                  "lifecycle": [
                                    "list",
                                    [
                                      "object",
                                      {
                                        "post_start": [
                                          "list",
                                          [
                                            "object",
                                            {
                                              "exec": [
                                                "list",
                                                [
                                                  "object",
                                                  {
                                                    "command": [
                                                      "list",
                                                      "string"
                                                    ]
                                                  }
                                                ]
                                              ],
                                              "http_get": [
                                                "list",
                                                [
                                                  "object",
                                                  {
                                                    "host": "string",
                                                    "http_header": [
                                                      "list",
                                                      [
                                                        "object",
                                                        {
                                                          "name": "string",
                                                          "value": "string"
                                                        }
                                                      ]
                                                    ],
                                                    "path": "string",
                                                    "port": "string",
                                                    "scheme": "string"
                                                  }
                                                ]
                                              ],
                                              "tcp_socket": [
                                                "list",
                                                [
                                                  "object",
                                                  {
                                                    "port": "string"
                                                  }
                                                ]
                                              ]
                                            }
                                          ]
                                        ],
                                        "pre_stop": [
                                          "list",
                                          [
                                            "object",
                                            {
                                              "exec": [
                                                "list",
                                                [
                                                  "object",
                                                  {
                                                    "command": [
                                                      "list",
                                                      "string"
                                                    ]
                                                  }
                                                ]
                                              ],
                                              "http_get": [
                                                "list",
                                                [
                                                  "object",
                                                  {
                                                    "host": "string",
                                                    "http_header": [
                                                      "list",
                                                      [
                                                        "object",
                                                        {
                                                          "name": "string",
                                                          "value": "string"
                                                        }
                                                      ]
                                                    ],
                                                    "path": "string",
                                                    "port": "string",
                                                    "scheme": "string"
                                                  }
                                                ]
                                              ],
                                              "tcp_socket": [
                                                "list",
                                                [
                                                  "object",
                                                  {
                                                    "port": "string"
                                                  }
                                                ]
                                              ]
                                            }
                                          ]
                                        ]
                                      }
                                    ]
                                  ],
                                  "liveness_probe": [
                                    "list",
                                    [
                                      "object",
                                      {
                                        "exec": [
                                          "list",
                                          [
                                            "object",
                                            {
                                              "command": [
                                                "list",
                                                "string"
                                              ]
                                            }
                                          ]
                                        ],
                                        "failure_threshold": "number",
                                        "http_get": [
                                          "list",
                                          [
                                            "object",
                                            {
                                              "host": "string",
                                              "http_header": [
                                                "list",
                                                [
                                                  "object",
                                                  {
                                                    "name": "string",
                                                    "value": "string"
                                                  }
                                                ]
                                              ],
                                              "path": "string",
                                              "port": "string",
                                              "scheme": "string"
                                            }
                                          ]
                                        ],
                                        "initial_delay_seconds": "number",
                                        "period_seconds": "number",
                                        "success_threshold": "number",
                                        "tcp_socket": [
                                          "list",
                                          [
                                            "object",
                                            {
                                              "port": "string"
                                            }
                                          ]
                                        ],
                                        "timeout_seconds": "number"
                                      }
                                    ]
                                  ],
                                  "name": "string",
                                  "port": [
                                    "list",
                                    [
                                      "object",
                                      {
                                        "container_port": "number",
                                        "host_ip": "string",
                                        "host_port": "number",
                                        "name": "string",
                                        "protocol": "string"
                                      }
                                    ]
                                  ],
                                  "readiness_probe": [
                                    "list",
                                    [
                                      "object",
                                      {
                                        "exec": [
                                          "list",
                                          [
                                            "object",
                                            {
                                              "command": [
                                                "list",
                                                "string"
                                              ]
                                            }
                                          ]
                                        ],
                                        "failure_threshold": "number",
                                        "http_get": [
                                          "list",
                                          [
                                            "object",
                                            {
                                              "host": "string",
                                              "http_header": [
                                                "list",
                                                [
                                                  "object",
                                                  {
                                                    "name": "string",
                                                    "value": "string"
                                                  }
                                                ]
                                              ],
                                              "path": "string",
                                              "port": "string",
                                              "scheme": "string"
                                            }
                                          ]
                                        ],
                                        "initial_delay_seconds": "number",
                                        "period_seconds": "number",
                                        "success_threshold": "number",
                                        "tcp_socket": [
                                          "list",
                                          [
                                            "object",
                                            {
                                              "port": "string"
                                            }
                                          ]
                                        ],
                                        "timeout_seconds": "number"
                                      }
                                    ]
                                  ],
                                  "resources": [
                                    "list",
                                    [
                                      "object",
                                      {
                                        "limits": [
                                          "list",
                                          [
                                            "object",
                                            {
                                              "cpu": "string",
                                              "memory": "string"
                                            }
                                          ]
                                        ],
                                        "requests": [
                                          "list",
                                          [
                                            "object",
                                            {
                                              "cpu": "string",
                                              "memory": "string"
                                            }
                                          ]
                                        ]
                                      }
                                    ]
                                  ],
                                  "security_context": [
                                    "list",
                                    [
                                      "object",
                                      {
                                        "allow_privilege_escalation": "bool",
                                        "capabilities": [
                                          "list",
                                          [
                                            "object",
                                            {
                                              "add": [
                                                "list",
                                                "string"
                                              ],
                                              "drop": [
                                                "list",
                                                "string"
                                              ]
                                            }
                                          ]
                                        ],
                                        "privileged": "bool",
                                        "read_only_root_filesystem": "bool",
                                        "run_as_group": "number",
                                        "run_as_non_root": "bool",
                                        "run_as_user": "number",
                                        "se_linux_options": [
                                          "list",
                                          [
                                            "object",
                                            {
                                              "level": "string",
                                              "role": "string",
                                              "type": "string",
                                              "user": "string"
                                            }
                                          ]
                                        ]
                                      }
                                    ]
                                  ],
                                  "startup_probe": [
                                    "list",
                                    [
                                      "object",
                                      {
                                        "exec": [
                                          "list",
                                          [
                                            "object",
                                            {
                                              "command": [
                                                "list",
                                                "string"
                                              ]
                                            }
                                          ]
                                        ],
                                        "failure_threshold": "number",
                                        "http_get": [
                                          "list",
                                          [
                                            "object",
                                            {
                                              "host": "string",
                                              "http_header": [
                                                "list",
                                                [
                                                  "object",
                                                  {
                                                    "name": "string",
                                                    "value": "string"
                                                  }
                                                ]
                                              ],
                                              "path": "string",
                                              "port": "string",
                                              "scheme": "string"
                                            }
                                          ]
                                        ],
                                        "initial_delay_seconds": "number",
                                        "period_seconds": "number",
                                        "success_threshold": "number",
                                        "tcp_socket": [
                                          "list",
                                          [
                                            "object",
                                            {
                                              "port": "string"
                                            }
                                          ]
                                        ],
                                        "timeout_seconds": "number"
                                      }
                                    ]
                                  ],
                                  "stdin": "bool",
                                  "stdin_once": "bool",
                                  "termination_message_path": "string",
                                  "tty": "bool",
                                  "volume_mount": [
                                    "list",
                                    [
                                      "object",
                                      {
                                        "mount_path": "string",
                                        "mount_propagation": "string",
                                        "name": "string",
                                        "read_only": "bool",
                                        "sub_path": "string"
                                      }
                                    ]
                                  ],
                                  "working_dir": "string"
                                }
                              ]
                            ],
                            "dns_config": [
                              "list",
                              [
                                "object",
                                {
                                  "nameservers": [
                                    "list",
                                    "string"
                                  ],
                                  "option": [
                                    "list",
                                    [
                                      "object",
                                      {
                                        "name": "string",
                                        "value": "string"
                                      }
                                    ]
                                  ],
                                  "searches": [
                                    "list",
                                    "string"
                                  ]
                                }
                              ]
                            ],
                            "dns_policy": "string",
                            "host_aliases": [
                              "list",
                              [
                                "object",
                                {
                                  "hostnames": [
                                    "list",
                                    "string"
                                  ],
                                  "ip": "string"
                                }
                              ]
                            ],
                            "host_ipc": "bool",
                            "host_network": "bool",
                            "host_pid": "bool",
                            "hostname": "string",
                            "image_pull_secrets": [
                              "list",
                              [
                                "object",
                                {
                                  "name": "string"
                                }
                              ]
                            ],
                            "init_container": [
                              "list",
                              [
                                "object",
                                {
                                  "args": [
                                    "list",
                                    "string"
                                  ],
                                  "command": [
                                    "list",
                                    "string"
                                  ],
                                  "env": [
                                    "list",
                                    [
                                      "object",
                                      {
                                        "name": "string",
                                        "value": "string",
                                        "value_from": [
                                          "list",
                                          [
                                            "object",
                                            {
                                              "config_map_key_ref": [
                                                "list",
                                                [
                                                  "object",
                                                  {
                                                    "key": "string",
                                                    "name": "string"
                                                  }
                                                ]
                                              ],
                                              "field_ref": [
                                                "list",
                                                [
                                                  "object",
                                                  {
                                                    "api_version": "string",
                                                    "field_path": "string"
                                                  }
                                                ]
                                              ],
                                              "resource_field_ref": [
                                                "list",
                                                [
                                                  "object",
                                                  {
                                                    "container_name": "string",
                                                    "resource": "string"
                                                  }
                                                ]
                                              ],
                                              "secret_key_ref": [
                                                "list",
                                                [
                                                  "object",
                                                  {
                                                    "key": "string",
                                                    "name": "string"
                                                  }
                                                ]
                                              ]
                                            }
                                          ]
                                        ]
                                      }
                                    ]
                                  ],
                                  "env_from": [
                                    "list",
                                    [
                                      "object",
                                      {
                                        "config_map_ref": [
                                          "list",
                                          [
                                            "object",
                                            {
                                              "name": "string",
                                              "optional": "bool"
                                            }
                                          ]
                                        ],
                                        "prefix": "string",
                                        "secret_ref": [
                                          "list",
                                          [
                                            "object",
                                            {
                                              "name": "string",
                                              "optional": "bool"
                                            }
                                          ]
                                        ]
                                      }
                                    ]
                                  ],
                                  "image": "string",
                                  "image_pull_policy": "string",
                                  "lifecycle": [
                                    "list",
                                    [
                                      "object",
                                      {
                                        "post_start": [
                                          "list",
                                          [
                                            "object",
                                            {
                                              "exec": [
                                                "list",
                                                [
                                                  "object",
                                                  {
                                                    "command": [
                                                      "list",
                                                      "string"
                                                    ]
                                                  }
                                                ]
                                              ],
                                              "http_get": [
                                                "list",
                                                [
                                                  "object",
                                                  {
                                                    "host": "string",
                                                    "http_header": [
                                                      "list",
                                                      [
                                                        "object",
                                                        {
                                                          "name": "string",
                                                          "value": "string"
                                                        }
                                                      ]
                                                    ],
                                                    "path": "string",
                                                    "port": "string",
                                                    "scheme": "string"
                                                  }
                                                ]
                                              ],
                                              "tcp_socket": [
                                                "list",
                                                [
                                                  "object",
                                                  {
                                                    "port": "string"
                                                  }
                                                ]
                                              ]
                                            }
                                          ]
                                        ],
                                        "pre_stop": [
                                          "list",
                                          [
                                            "object",
                                            {
                                              "exec": [
                                                "list",
                                                [
                                                  "object",
                                                  {
                                                    "command": [
                                                      "list",
                                                      "string"
                                                    ]
                                                  }
                                                ]
                                              ],
                                              "http_get": [
                                                "list",
                                                [
                                                  "object",
                                                  {
                                                    "host": "string",
                                                    "http_header": [
                                                      "list",
                                                      [
                                                        "object",
                                                        {
                                                          "name": "string",
                                                          "value": "string"
                                                        }
                                                      ]
                                                    ],
                                                    "path": "string",
                                                    "port": "string",
                                                    "scheme": "string"
                                                  }
                                                ]
                                              ],
                                              "tcp_socket": [
                                                "list",
                                                [
                                                  "object",
                                                  {
                                                    "port": "string"
                                                  }
                                                ]
                                              ]
                                            }
                                          ]
                                        ]
                                      }
                                    ]
                                  ],
                                  "liveness_probe": [
                                    "list",
                                    [
                                      "object",
                                      {
                                        "exec": [
                                          "list",
                                          [
                                            "object",
                                            {
                                              "command": [
                                                "list",
                                                "string"
                                              ]
                                            }
                                          ]
                                        ],
                                        "failure_threshold": "number",
                                        "http_get": [
                                          "list",
                                          [
                                            "object",
                                            {
                                              "host": "string",
                                              "http_header": [
                                                "list",
                                                [
                                                  "object",
                                                  {
                                                    "name": "string",
                                                    "value": "string"
                                                  }
                                                ]
                                              ],
                                              "path": "string",
                                              "port": "string",
                                              "scheme": "string"
                                            }
                                          ]
                                        ],
                                        "initial_delay_seconds": "number",
                                        "period_seconds": "number",
                                        "success_threshold": "number",
                                        "tcp_socket": [
                                          "list",
                                          [
                                            "object",
                                            {
                                              "port": "string"
                                            }
                                          ]
                                        ],
                                        "timeout_seconds": "number"
                                      }
                                    ]
                                  ],
                                  "name": "string",
                                  "port": [
                                    "list",
                                    [
                                      "object",
                                      {
                                        "container_port": "number",
                                        "host_ip": "string",
                                        "host_port": "number",
                                        "name": "string",
                                        "protocol": "string"
                                      }
                                    ]
                                  ],
                                  "readiness_probe": [
                                    "list",
                                    [
                                      "object",
                                      {
                                        "exec": [
                                          "list",
                                          [
                                            "object",
                                            {
                                              "command": [
                                                "list",
                                                "string"
                                              ]
                                            }
                                          ]
                                        ],
                                        "failure_threshold": "number",
                                        "http_get": [
                                          "list",
                                          [
                                            "object",
                                            {
                                              "host": "string",
                                              "http_header": [
                                                "list",
                                                [
                                                  "object",
                                                  {
                                                    "name": "string",
                                                    "value": "string"
                                                  }
                                                ]
                                              ],
                                              "path": "string",
                                              "port": "string",
                                              "scheme": "string"
                                            }
                                          ]
                                        ],
                                        "initial_delay_seconds": "number",
                                        "period_seconds": "number",
                                        "success_threshold": "number",
                                        "tcp_socket": [
                                          "list",
                                          [
                                            "object",
                                            {
                                              "port": "string"
                                            }
                                          ]
                                        ],
                                        "timeout_seconds": "number"
                                      }
                                    ]
                                  ],
                                  "resources": [
                                    "list",
                                    [
                                      "object",
                                      {
                                        "limits": [
                                          "list",
                                          [
                                            "object",
                                            {
                                              "cpu": "string",
                                              "memory": "string"
                                            }
                                          ]
                                        ],
                                        "requests": [
                                          "list",
                                          [
                                            "object",
                                            {
                                              "cpu": "string",
                                              "memory": "string"
                                            }
                                          ]
                                        ]
                                      }
                                    ]
                                  ],
                                  "security_context": [
                                    "list",
                                    [
                                      "object",
                                      {
                                        "allow_privilege_escalation": "bool",
                                        "capabilities": [
                                          "list",
                                          [
                                            "object",
                                            {
                                              "add": [
                                                "list",
                                                "string"
                                              ],
                                              "drop": [
                                                "list",
                                                "string"
                                              ]
                                            }
                                          ]
                                        ],
                                        "privileged": "bool",
                                        "read_only_root_filesystem": "bool",
                                        "run_as_group": "number",
                                        "run_as_non_root": "bool",
                                        "run_as_user": "number",
                                        "se_linux_options": [
                                          "list",
                                          [
                                            "object",
                                            {
                                              "level": "string",
                                              "role": "string",
                                              "type": "string",
                                              "user": "string"
                                            }
                                          ]
                                        ]
                                      }
                                    ]
                                  ],
                                  "startup_probe": [
                                    "list",
                                    [
                                      "object",
                                      {
                                        "exec": [
                                          "list",
                                          [
                                            "object",
                                            {
                                              "command": [
                                                "list",
                                                "string"
                                              ]
                                            }
                                          ]
                                        ],
                                        "failure_threshold": "number",
                                        "http_get": [
                                          "list",
                                          [
                                            "object",
                                            {
                                              "host": "string",
                                              "http_header": [
                                                "list",
                                                [
                                                  "object",
                                                  {
                                                    "name": "string",
                                                    "value": "string"
                                                  }
                                                ]
                                              ],
                                              "path": "string",
                                              "port": "string",
                                              "scheme": "string"
                                            }
                                          ]
                                        ],
                                        "initial_delay_seconds": "number",
                                        "period_seconds": "number",
                                        "success_threshold": "number",
                                        "tcp_socket": [
                                          "list",
                                          [
                                            "object",
                                            {
                                              "port": "string"
                                            }
                                          ]
                                        ],
                                        "timeout_seconds": "number"
                                      }
                                    ]
                                  ],
                                  "stdin": "bool",
                                  "stdin_once": "bool",
                                  "termination_message_path": "string",
                                  "tty": "bool",
                                  "volume_mount": [
                                    "list",
                                    [
                                      "object",
                                      {
                                        "mount_path": "string",
                                        "mount_propagation": "string",
                                        "name": "string",
                                        "read_only": "bool",
                                        "sub_path": "string"
                                      }
                                    ]
                                  ],
                                  "working_dir": "string"
                                }
                              ]
                            ],
                            "node_name": "string",
                            "node_selector": [
                              "map",
                              "string"
                            ],
                            "priority_class_name": "string",
                            "restart_policy": "string",
                            "security_context": [
                              "list",
                              [
                                "object",
                                {
                                  "fs_group": "number",
                                  "run_as_group": "number",
                                  "run_as_non_root": "bool",
                                  "run_as_user": "number",
                                  "se_linux_options": [
                                    "list",
                                    [
                                      "object",
                                      {
                                        "level": "string",
                                        "role": "string",
                                        "type": "string",
                                        "user": "string"
                                      }
                                    ]
                                  ],
                                  "supplemental_groups": [
                                    "set",
                                    "number"
                                  ]
                                }
                              ]
                            ],
                            "service_account_name": "string",
                            "share_process_namespace": "bool",
                            "subdomain": "string",
                            "termination_grace_period_seconds": "number",
                            "toleration": [
                              "list",
                              [
                                "object",
                                {
                                  "effect": "string",
                                  "key": "string",
                                  "operator": "string",
                                  "toleration_seconds": "string",
                                  "value": "string"
                                }
                              ]
                            ],
                            "volume": [
                              "list",
                              [
                                "object",
                                {
                                  "aws_elastic_block_store": [
                                    "list",
                                    [
                                      "object",
                                      {
                                        "fs_type": "string",
                                        "partition": "number",
                                        "read_only": "bool",
                                        "volume_id": "string"
                                      }
                                    ]
                                  ],
                                  "azure_disk": [
                                    "list",
                                    [
                                      "object",
                                      {
                                        "caching_mode": "string",
                                        "data_disk_uri": "string",
                                        "disk_name": "string",
                                        "fs_type": "string",
                                        "read_only": "bool"
                                      }
                                    ]
                                  ],
                                  "azure_file": [
                                    "list",
                                    [
                                      "object",
                                      {
                                        "read_only": "bool",
                                        "secret_name": "string",
                                        "share_name": "string"
                                      }
                                    ]
                                  ],
                                  "ceph_fs": [
                                    "list",
                                    [
                                      "object",
                                      {
                                        "monitors": [
                                          "set",
                                          "string"
                                        ],
                                        "path": "string",
                                        "read_only": "bool",
                                        "secret_file": "string",
                                        "secret_ref": [
                                          "list",
                                          [
                                            "object",
                                            {
                                              "name": "string"
                                            }
                                          ]
                                        ],
                                        "user": "string"
                                      }
                                    ]
                                  ],
                                  "cinder": [
                                    "list",
                                    [
                                      "object",
                                      {
                                        "fs_type": "string",
                                        "read_only": "bool",
                                        "volume_id": "string"
                                      }
                                    ]
                                  ],
                                  "config_map": [
                                    "list",
                                    [
                                      "object",
                                      {
                                        "default_mode": "string",
                                        "items": [
                                          "list",
                                          [
                                            "object",
                                            {
                                              "key": "string",
                                              "mode": "string",
                                              "path": "string"
                                            }
                                          ]
                                        ],
                                        "name": "string"
                                      }
                                    ]
                                  ],
                                  "downward_api": [
                                    "list",
                                    [
                                      "object",
                                      {
                                        "default_mode": "string",
                                        "items": [
                                          "list",
                                          [
                                            "object",
                                            {
                                              "field_ref": [
                                                "list",
                                                [
                                                  "object",
                                                  {
                                                    "api_version": "string",
                                                    "field_path": "string"
                                                  }
                                                ]
                                              ],
                                              "mode": "string",
                                              "path": "string",
                                              "resource_field_ref": [
                                                "list",
                                                [
                                                  "object",
                                                  {
                                                    "container_name": "string",
                                                    "quantity": "string",
                                                    "resource": "string"
                                                  }
                                                ]
                                              ]
                                            }
                                          ]
                                        ]
                                      }
                                    ]
                                  ],
                                  "empty_dir": [
                                    "list",
                                    [
                                      "object",
                                      {
                                        "medium": "string"
                                      }
                                    ]
                                  ],
                                  "fc": [
                                    "list",
                                    [
                                      "object",
                                      {
                                        "fs_type": "string",
                                        "lun": "number",
                                        "read_only": "bool",
                                        "target_ww_ns": [
                                          "set",
                                          "string"
                                        ]
                                      }
                                    ]
                                  ],
                                  "flex_volume": [
                                    "list",
                                    [
                                      "object",
                                      {
                                        "driver": "string",
                                        "fs_type": "string",
                                        "options": [
                                          "map",
                                          "string"
                                        ],
                                        "read_only": "bool",
                                        "secret_ref": [
                                          "list",
                                          [
                                            "object",
                                            {
                                              "name": "string"
                                            }
                                          ]
                                        ]
                                      }
                                    ]
                                  ],
                                  "flocker": [
                                    "list",
                                    [
                                      "object",
                                      {
                                        "dataset_name": "string",
                                        "dataset_uuid": "string"
                                      }
                                    ]
                                  ],
                                  "gce_persistent_disk": [
                                    "list",
                                    [
                                      "object",
                                      {
                                        "fs_type": "string",
                                        "partition": "number",
                                        "pd_name": "string",
                                        "read_only": "bool"
                                      }
                                    ]
                                  ],
                                  "git_repo": [
                                    "list",
                                    [
                                      "object",
                                      {
                                        "directory": "string",
                                        "repository": "string",
                                        "revision": "string"
                                      }
                                    ]
                                  ],
                                  "glusterfs": [
                                    "list",
                                    [
                                      "object",
                                      {
                                        "endpoints_name": "string",
                                        "path": "string",
                                        "read_only": "bool"
                                      }
                                    ]
                                  ],
                                  "host_path": [
                                    "list",
                                    [
                                      "object",
                                      {
                                        "path": "string",
                                        "type": "string"
                                      }
                                    ]
                                  ],
                                  "iscsi": [
                                    "list",
                                    [
                                      "object",
                                      {
                                        "fs_type": "string",
                                        "iqn": "string",
                                        "iscsi_interface": "string",
                                        "lun": "number",
                                        "read_only": "bool",
                                        "target_portal": "string"
                                      }
                                    ]
                                  ],
                                  "local": [
                                    "list",
                                    [
                                      "object",
                                      {
                                        "path": "string"
                                      }
                                    ]
                                  ],
                                  "name": "string",
                                  "nfs": [
                                    "list",
                                    [
                                      "object",
                                      {
                                        "path": "string",
                                        "read_only": "bool",
                                        "server": "string"
                                      }
                                    ]
                                  ],
                                  "persistent_volume_claim": [
                                    "list",
                                    [
                                      "object",
                                      {
                                        "claim_name": "string",
                                        "read_only": "bool"
                                      }
                                    ]
                                  ],
                                  "photon_persistent_disk": [
                                    "list",
                                    [
                                      "object",
                                      {
                                        "fs_type": "string",
                                        "pd_id": "string"
                                      }
                                    ]
                                  ],
                                  "quobyte": [
                                    "list",
                                    [
                                      "object",
                                      {
                                        "group": "string",
                                        "read_only": "bool",
                                        "registry": "string",
                                        "user": "string",
                                        "volume": "string"
                                      }
                                    ]
                                  ],
                                  "rbd": [
                                    "list",
                                    [
                                      "object",
                                      {
                                        "ceph_monitors": [
                                          "set",
                                          "string"
                                        ],
                                        "fs_type": "string",
                                        "keyring": "string",
                                        "rados_user": "string",
                                        "rbd_image": "string",
                                        "rbd_pool": "string",
                                        "read_only": "bool",
                                        "secret_ref": [
                                          "list",
                                          [
                                            "object",
                                            {
                                              "name": "string"
                                            }
                                          ]
                                        ]
                                      }
                                    ]
                                  ],
                                  "secret": [
                                    "list",
                                    [
                                      "object",
                                      {
                                        "default_mode": "string",
                                        "items": [
                                          "list",
                                          [
                                            "object",
                                            {
                                              "key": "string",
                                              "mode": "string",
                                              "path": "string"
                                            }
                                          ]
                                        ],
                                        "optional": "bool",
                                        "secret_name": "string"
                                      }
                                    ]
                                  ],
                                  "vsphere_volume": [
                                    "list",
                                    [
                                      "object",
                                      {
                                        "fs_type": "string",
                                        "volume_path": "string"
                                      }
                                    ]
                                  ]
                                }
                              ]
                            ]
                          }
                        ]
                      ]
                    }
                  ]
                ]
              }
            ]
          ],
          "timeouts": [
            "object",
            {
              "create": "string",
              "delete": "string",
              "update": "string"
            }
          ]
        }
      ]
    },
    "namespace": {
      "value": {
        "id": "vault",
        "metadata": [
          {
            "annotations": null,
            "generate_name": "",
            "generation": 0,
            "labels": null,
            "name": "vault",
            "resource_version": "6635",
            "self_link": "/api/v1/namespaces/vault",
            "uid": "a6719ef7-6073-4916-b5f4-3f35657e58d0"
          }
        ],
        "timeouts": null
      },
      "type": [
        "object",
        {
          "id": "string",
          "metadata": [
            "list",
            [
              "object",
              {
                "annotations": [
                  "map",
                  "string"
                ],
                "generate_name": "string",
                "generation": "number",
                "labels": [
                  "map",
                  "string"
                ],
                "name": "string",
                "resource_version": "string",
                "self_link": "string",
                "uid": "string"
              }
            ]
          ],
          "timeouts": [
            "object",
            {
              "delete": "string"
            }
          ]
        }
      ]
    },
    "service": {
      "value": {
        "id": "vault/vault",
        "load_balancer_ingress": [],
        "metadata": [
          {
            "annotations": null,
            "generate_name": "",
            "generation": 0,
            "labels": {
              "app": "vault"
            },
            "name": "vault",
            "namespace": "vault",
            "resource_version": "6661",
            "self_link": "/api/v1/namespaces/vault/services/vault",
            "uid": "6154b4b9-b3de-4498-8e53-78dd8f99f312"
          }
        ],
        "spec": [
          {
            "cluster_ip": "10.100.173.208",
            "external_ips": null,
            "external_name": "",
            "external_traffic_policy": "Cluster",
            "load_balancer_ip": "",
            "load_balancer_source_ranges": null,
            "port": [
              {
                "name": "",
                "node_port": 30029,
                "port": 8200,
                "protocol": "TCP",
                "target_port": "8200"
              }
            ],
            "publish_not_ready_addresses": false,
            "selector": {
              "app": "vault"
            },
            "session_affinity": "None",
            "type": "NodePort"
          }
        ],
        "timeouts": null
      },
      "type": [
        "object",
        {
          "id": "string",
          "load_balancer_ingress": [
            "list",
            [
              "object",
              {
                "hostname": "string",
                "ip": "string"
              }
            ]
          ],
          "metadata": [
            "list",
            [
              "object",
              {
                "annotations": [
                  "map",
                  "string"
                ],
                "generate_name": "string",
                "generation": "number",
                "labels": [
                  "map",
                  "string"
                ],
                "name": "string",
                "namespace": "string",
                "resource_version": "string",
                "self_link": "string",
                "uid": "string"
              }
            ]
          ],
          "spec": [
            "list",
            [
              "object",
              {
                "cluster_ip": "string",
                "external_ips": [
                  "set",
                  "string"
                ],
                "external_name": "string",
                "external_traffic_policy": "string",
                "load_balancer_ip": "string",
                "load_balancer_source_ranges": [
                  "set",
                  "string"
                ],
                "port": [
                  "list",
                  [
                    "object",
                    {
                      "name": "string",
                      "node_port": "number",
                      "port": "number",
                      "protocol": "string",
                      "target_port": "string"
                    }
                  ]
                ],
                "publish_not_ready_addresses": "bool",
                "selector": [
                  "map",
                  "string"
                ],
                "session_affinity": "string",
                "type": "string"
              }
            ]
          ],
          "timeouts": [
            "object",
            {
              "create": "string"
            }
          ]
        }
      ]
    }
  },
  "resources": [
    {
      "mode": "managed",
      "type": "kubernetes_deployment",
      "name": "vault",
      "provider": "provider.kubernetes",
      "instances": [
        {
          "schema_version": 0,
          "attributes": {
            "id": "vault/vault",
            "metadata": [
              {
                "annotations": null,
                "generate_name": "",
                "generation": 1,
                "labels": {
                  "app": "vault"
                },
                "name": "vault",
                "namespace": "vault",
                "resource_version": "6658",
                "self_link": "/apis/apps/v1/namespaces/vault/deployments/vault",
                "uid": "720b1f5b-5522-4268-8881-905152e9e397"
              }
            ],
            "spec": [
              {
                "min_ready_seconds": 0,
                "paused": false,
                "progress_deadline_seconds": 600,
                "replicas": 1,
                "revision_history_limit": 10,
                "selector": [
                  {
                    "match_expressions": [],
                    "match_labels": {
                      "app": "vault"
                    }
                  }
                ],
                "strategy": [
                  {
                    "rolling_update": [
                      {
                        "max_surge": "25%",
                        "max_unavailable": "25%"
                      }
                    ],
                    "type": "RollingUpdate"
                  }
                ],
                "template": [
                  {
                    "metadata": [
                      {
                        "annotations": null,
                        "generate_name": "",
                        "generation": 0,
                        "labels": {
                          "app": "vault"
                        },
                        "name": "",
                        "namespace": "",
                        "resource_version": "",
                        "self_link": "",
                        "uid": ""
                      }
                    ],
                    "spec": [
                      {
                        "active_deadline_seconds": 0,
                        "affinity": [],
                        "automount_service_account_token": false,
                        "container": [
                          {
                            "args": null,
                            "command": null,
                            "env": [
                              {
                                "name": "VAULT_DEV_ROOT_TOKEN_ID",
                                "value": "test",
                                "value_from": []
                              }
                            ],
                            "env_from": [],
                            "image": "vault",
                            "image_pull_policy": "Never",
                            "lifecycle": [],
                            "liveness_probe": [],
                            "name": "vault",
                            "port": [
                              {
                                "container_port": 8200,
                                "host_ip": "",
                                "host_port": 0,
                                "name": "",
                                "protocol": "TCP"
                              }
                            ],
                            "readiness_probe": [],
                            "resources": [
                              {
                                "limits": null,
                                "requests": null
                              }
                            ],
                            "security_context": [],
                            "startup_probe": [],
                            "stdin": false,
                            "stdin_once": false,
                            "termination_message_path": "/dev/termination-log",
                            "tty": false,
                            "volume_mount": [],
                            "working_dir": ""
                          }
                        ],
                        "dns_config": [],
                        "dns_policy": "ClusterFirst",
                        "host_aliases": [],
                        "host_ipc": false,
                        "host_network": false,
                        "host_pid": false,
                        "hostname": "",
                        "image_pull_secrets": [],
                        "init_container": [],
                        "node_name": "",
                        "node_selector": null,
                        "priority_class_name": "",
                        "restart_policy": "Always",
                        "security_context": [],
                        "service_account_name": "",
                        "share_process_namespace": false,
                        "subdomain": "",
                        "termination_grace_period_seconds": 30,
                        "toleration": [],
                        "volume": []
                      }
                    ]
                  }
                ]
              }
            ],
            "timeouts": null
          },
          "private": "eyJlMmJmYjczMC1lY2FhLTExZTYtOGY4OC0zNDM2M2JjN2M0YzAiOnsiY3JlYXRlIjo2MDAwMDAwMDAwMDAsImRlbGV0ZSI6NjAwMDAwMDAwMDAwLCJ1cGRhdGUiOjYwMDAwMDAwMDAwMH19",
          "dependencies": [
            "kubernetes_namespace.vault"
          ]
        }
      ]
    },
    {
      "mode": "managed",
      "type": "kubernetes_namespace",
      "name": "vault",
      "provider": "provider.kubernetes",
      "instances": [
        {
          "schema_version": 0,
          "attributes": {
            "id": "vault",
            "metadata": [
              {
                "annotations": null,
                "generate_name": "",
                "generation": 0,
                "labels": null,
                "name": "vault",
                "resource_version": "6635",
                "self_link": "/api/v1/namespaces/vault",
                "uid": "a6719ef7-6073-4916-b5f4-3f35657e58d0"
              }
            ],
            "timeouts": null
          },
          "private": "eyJlMmJmYjczMC1lY2FhLTExZTYtOGY4OC0zNDM2M2JjN2M0YzAiOnsiZGVsZXRlIjozMDAwMDAwMDAwMDB9fQ=="
        }
      ]
    },
    {
      "mode": "managed",
      "type": "kubernetes_service",
      "name": "vault",
      "provider": "provider.kubernetes",
      "instances": [
        {
          "schema_version": 0,
          "attributes": {
            "id": "vault/vault",
            "load_balancer_ingress": [],
            "metadata": [
              {
                "annotations": null,
                "generate_name": "",
                "generation": 0,
                "labels": {
                  "app": "vault"
                },
                "name": "vault",
                "namespace": "vault",
                "resource_version": "6661",
                "self_link": "/api/v1/namespaces/vault/services/vault",
                "uid": "6154b4b9-b3de-4498-8e53-78dd8f99f312"
              }
            ],
            "spec": [
              {
                "cluster_ip": "10.100.173.208",
                "external_ips": null,
                "external_name": "",
                "external_traffic_policy": "Cluster",
                "load_balancer_ip": "",
                "load_balancer_source_ranges": null,
                "port": [
                  {
                    "name": "",
                    "node_port": 30029,
                    "port": 8200,
                    "protocol": "TCP",
                    "target_port": "8200"
                  }
                ],
                "publish_not_ready_addresses": false,
                "selector": {
                  "app": "vault"
                },
                "session_affinity": "None",
                "type": "NodePort"
              }
            ],
            "timeouts": null
          },
          "private": "eyJlMmJmYjczMC1lY2FhLTExZTYtOGY4OC0zNDM2M2JjN2M0YzAiOnsiY3JlYXRlIjo2MDAwMDAwMDAwMDB9fQ==",
          "dependencies": [
            "kubernetes_deployment.vault",
            "kubernetes_namespace.vault"
          ]
        }
      ]
    }
  ]
}
